
Microsoft Visual Studio Solution File, Format Version 9.00
# Visual Studio 2005
Project("{8BC9CEB8-8B4A-11D0-8D11-00A0C91BC942}") = "PdantReader", "PdantReader\PdantReader.vcproj", "{ABFB1298-58D4-41D0-8958-8363D745F9A2}"
EndProject
Global
	GlobalSection(SolutionConfigurationPlatforms) = preSolution
		Debug|Win32 = Debug|Win32
		Release|Win32 = Release|Win32
	EndGlobalSection
	GlobalSection(ProjectConfigurationPlatforms) = postSolution
		{ABFB1298-58D4-41D0-8958-8363D745F9A2}.Debug|Win32.ActiveCfg = Debug|Win32
		{ABFB1298-58D4-41D0-8958-8363D745F9A2}.Debug|Win32.Build.0 = Debug|Win32
		{ABFB1298-58D4-41D0-8958-8363D745F9A2}.Release|Win32.ActiveCfg = Release|Win32
		{ABFB1298-58D4-41D0-8958-8363D745F9A2}.Release|Win32.Build.0 = Release|Win32
	EndGlobalSection
	GlobalSection(SolutionProperties) = preSolution
		HideSolutionNode = FALSE
	EndGlobalSection
EndGlobal
